
Microsoft Visual Studio Solution File, Format Version 12.00
# Visual Studio Version 17
VisualStudioVersion = 17.13.35913.81 d17.13
MinimumVisualStudioVersion = 10.0.40219.1
Project("{2150E333-8FDC-42A3-9474-1A3956D46DE8}") = "RealEstate", "RealEstate", "{02EA681E-C7D8-13C7-8484-4AC65E1B71E8}"
EndProject
Project("{FAE04EC0-301F-11D3-BF4B-00C04F79EFBC}") = "RealEstate.Web", "RealEstate.Web\RealEstate.Web.csproj", "{8F3A4486-8FC5-44B7-B43B-09447AD5BD7F}"
EndProject
Project("{FAE04EC0-301F-11D3-BF4B-00C04F79EFBC}") = "RealEstate.Domain", "RealEstate.Domain\RealEstate.Domain.csproj", "{4421F9CD-BDE1-4304-91B6-C19AF0065150}"
EndProject
Project("{FAE04EC0-301F-11D3-BF4B-00C04F79EFBC}") = "RealEstate.Repository", "RealEstate.Repository\RealEstate.Repository.csproj", "{D55AEEF1-38BE-40B5-BE6C-3F71A6A71DFE}"
EndProject
Project("{FAE04EC0-301F-11D3-BF4B-00C04F79EFBC}") = "RealEstate.Service", "RealEstate.Service\RealEstate.Service.csproj", "{6746B151-8327-425F-9023-0ED02FB9C27E}"
EndProject
Global
	GlobalSection(SolutionConfigurationPlatforms) = preSolution
		Debug|Any CPU = Debug|Any CPU
		Release|Any CPU = Release|Any CPU
	EndGlobalSection
	GlobalSection(ProjectConfigurationPlatforms) = postSolution
		{8F3A4486-8FC5-44B7-B43B-09447AD5BD7F}.Debug|Any CPU.ActiveCfg = Debug|Any CPU
		{8F3A4486-8FC5-44B7-B43B-09447AD5BD7F}.Debug|Any CPU.Build.0 = Debug|Any CPU
		{8F3A4486-8FC5-44B7-B43B-09447AD5BD7F}.Release|Any CPU.ActiveCfg = Release|Any CPU
		{8F3A4486-8FC5-44B7-B43B-09447AD5BD7F}.Release|Any CPU.Build.0 = Release|Any CPU
		{4421F9CD-BDE1-4304-91B6-C19AF0065150}.Debug|Any CPU.ActiveCfg = Debug|Any CPU
		{4421F9CD-BDE1-4304-91B6-C19AF0065150}.Debug|Any CPU.Build.0 = Debug|Any CPU
		{4421F9CD-BDE1-4304-91B6-C19AF0065150}.Release|Any CPU.ActiveCfg = Release|Any CPU
		{4421F9CD-BDE1-4304-91B6-C19AF0065150}.Release|Any CPU.Build.0 = Release|Any CPU
		{D55AEEF1-38BE-40B5-BE6C-3F71A6A71DFE}.Debug|Any CPU.ActiveCfg = Debug|Any CPU
		{D55AEEF1-38BE-40B5-BE6C-3F71A6A71DFE}.Debug|Any CPU.Build.0 = Debug|Any CPU
		{D55AEEF1-38BE-40B5-BE6C-3F71A6A71DFE}.Release|Any CPU.ActiveCfg = Release|Any CPU
		{D55AEEF1-38BE-40B5-BE6C-3F71A6A71DFE}.Release|Any CPU.Build.0 = Release|Any CPU
		{6746B151-8327-425F-9023-0ED02FB9C27E}.Debug|Any CPU.ActiveCfg = Debug|Any CPU
		{6746B151-8327-425F-9023-0ED02FB9C27E}.Debug|Any CPU.Build.0 = Debug|Any CPU
		{6746B151-8327-425F-9023-0ED02FB9C27E}.Release|Any CPU.ActiveCfg = Release|Any CPU
		{6746B151-8327-425F-9023-0ED02FB9C27E}.Release|Any CPU.Build.0 = Release|Any CPU
	EndGlobalSection
	GlobalSection(SolutionProperties) = preSolution
		HideSolutionNode = FALSE
	EndGlobalSection
	GlobalSection(NestedProjects) = preSolution
		{8F3A4486-8FC5-44B7-B43B-09447AD5BD7F} = {02EA681E-C7D8-13C7-8484-4AC65E1B71E8}
		{4421F9CD-BDE1-4304-91B6-C19AF0065150} = {02EA681E-C7D8-13C7-8484-4AC65E1B71E8}
		{D55AEEF1-38BE-40B5-BE6C-3F71A6A71DFE} = {02EA681E-C7D8-13C7-8484-4AC65E1B71E8}
		{6746B151-8327-425F-9023-0ED02FB9C27E} = {02EA681E-C7D8-13C7-8484-4AC65E1B71E8}
	EndGlobalSection
	GlobalSection(ExtensibilityGlobals) = postSolution
		SolutionGuid = {60441629-DC79-48D8-B4B6-94F02D5278EA}
	EndGlobalSection
EndGlobal
